
Microsoft Visual Studio Solution File, Format Version 12.00
# Visual Studio Version 16
VisualStudioVersion = 16.0.32630.194
MinimumVisualStudioVersion = 10.0.40219.1
Project("{FAE04EC0-301F-11D3-BF4B-00C04F79EFBC}") = "LoanManagement", "LoanManagement\LoanManagement.csproj", "{F57B6884-93EA-48F6-BFB6-EAB47F09E2C0}"
EndProject
Global
	GlobalSection(SolutionConfigurationPlatforms) = preSolution
		Debug|Any CPU = Debug|Any CPU
		Release|Any CPU = Release|Any CPU
	EndGlobalSection
	GlobalSection(ProjectConfigurationPlatforms) = postSolution
		{F57B6884-93EA-48F6-BFB6-EAB47F09E2C0}.Debug|Any CPU.ActiveCfg = Debug|Any CPU
		{F57B6884-93EA-48F6-BFB6-EAB47F09E2C0}.Debug|Any CPU.Build.0 = Debug|Any CPU
		{F57B6884-93EA-48F6-BFB6-EAB47F09E2C0}.Release|Any CPU.ActiveCfg = Release|Any CPU
		{F57B6884-93EA-48F6-BFB6-EAB47F09E2C0}.Release|Any CPU.Build.0 = Release|Any CPU
	EndGlobalSection
	GlobalSection(SolutionProperties) = preSolution
		HideSolutionNode = FALSE
	EndGlobalSection
	GlobalSection(ExtensibilityGlobals) = postSolution
		SolutionGuid = {6908616E-91BA-47D7-BC28-00BDEA8E319F}
	EndGlobalSection
EndGlobal
